
Microsoft Visual Studio Solution File, Format Version 11.00
# Visual Studio 2010
Project("{FAE04EC0-301F-11D3-BF4B-00C04F79EFBC}") = "ElementalCore", "ElementalCore\ElementalCore.csproj", "{42057F13-B4CF-4282-9177-89B054B7C303}"
EndProject
Project("{FAE04EC0-301F-11D3-BF4B-00C04F79EFBC}") = "Elemental", "Elemental\Elemental.csproj", "{E37456BF-927A-481A-92C3-7FBBD57DA351}"
EndProject
Global
	GlobalSection(SolutionConfigurationPlatforms) = preSolution
		Debug|Any CPU = Debug|Any CPU
		Release|Any CPU = Release|Any CPU
	EndGlobalSection
	GlobalSection(ProjectConfigurationPlatforms) = postSolution
		{42057F13-B4CF-4282-9177-89B054B7C303}.Debug|Any CPU.ActiveCfg = Debug|Any CPU
		{42057F13-B4CF-4282-9177-89B054B7C303}.Debug|Any CPU.Build.0 = Debug|Any CPU
		{42057F13-B4CF-4282-9177-89B054B7C303}.Release|Any CPU.ActiveCfg = Release|Any CPU
		{42057F13-B4CF-4282-9177-89B054B7C303}.Release|Any CPU.Build.0 = Release|Any CPU
		{E37456BF-927A-481A-92C3-7FBBD57DA351}.Debug|Any CPU.ActiveCfg = Debug|Any CPU
		{E37456BF-927A-481A-92C3-7FBBD57DA351}.Debug|Any CPU.Build.0 = Debug|Any CPU
		{E37456BF-927A-481A-92C3-7FBBD57DA351}.Release|Any CPU.ActiveCfg = Release|Any CPU
		{E37456BF-927A-481A-92C3-7FBBD57DA351}.Release|Any CPU.Build.0 = Release|Any CPU
	EndGlobalSection
	GlobalSection(SolutionProperties) = preSolution
		HideSolutionNode = FALSE
	EndGlobalSection
EndGlobal
